{
  "name": "graphql-job-board",
  "lockfileVersion": 3,
  "requires": true,
  "packages": {
    "": {
      "dependencies": {
        "http-status": "^1.7.4"
      }
    },
    "node_modules/http-status": {
      "version": "1.7.4",
      "resolved": "https://registry.npmjs.org/http-status/-/http-status-1.7.4.tgz",
      "integrity": "sha512-c2qSwNtTlHVYAhMj9JpGdyo0No/+DiKXCJ9pHtZ2Yf3QmPnBIytKSRT7BuyIiQ7icXLynavGmxUqkOjSrAuMuA==",
      "engines": {
        "node": ">= 0.4.0"
      }
    }
  }
}
